
Microsoft Visual Studio Solution File, Format Version 12.00
# Visual Studio Version 16
VisualStudioVersion = 16.0.29905.134
MinimumVisualStudioVersion = 10.0.40219.1
Project("{FAE04EC0-301F-11D3-BF4B-00C04F79EFBC}") = "cw3", "cw3.csproj", "{09CFEFB5-6558-465B-BDC1-1907394DC9CC}"
EndProject
Global
	GlobalSection(SolutionConfigurationPlatforms) = preSolution
		Debug|Any CPU = Debug|Any CPU
		Release|Any CPU = Release|Any CPU
	EndGlobalSection
	GlobalSection(ProjectConfigurationPlatforms) = postSolution
		{09CFEFB5-6558-465B-BDC1-1907394DC9CC}.Debug|Any CPU.ActiveCfg = Debug|Any CPU
		{09CFEFB5-6558-465B-BDC1-1907394DC9CC}.Debug|Any CPU.Build.0 = Debug|Any CPU
		{09CFEFB5-6558-465B-BDC1-1907394DC9CC}.Release|Any CPU.ActiveCfg = Release|Any CPU
		{09CFEFB5-6558-465B-BDC1-1907394DC9CC}.Release|Any CPU.Build.0 = Release|Any CPU
	EndGlobalSection
	GlobalSection(SolutionProperties) = preSolution
		HideSolutionNode = FALSE
	EndGlobalSection
	GlobalSection(ExtensibilityGlobals) = postSolution
		SolutionGuid = {10225637-9EBE-47EE-841A-5277C84CAC27}
	EndGlobalSection
EndGlobal
